<Solution>
  <Configurations>
    <Platform Name="Any CPU" />
    <Platform Name="x64" />
    <Platform Name="x86" />
  </Configurations>
  <Folder Name="/.build/">
    <File Path=".editorconfig" />
    <File Path=".gitignore" />
    <File Path="paket.dependencies" />
    <File Path="paket.lock" />
    <File Path="README.md" />
  </Folder>
  <Folder Name="/Pinicola.FSharp/">
    <Project Path="Pinicola.FSharp/Pinicola.FSharp.SpectreConsole/Pinicola.FSharp.SpectreConsole.fsproj" />
    <Project Path="Pinicola.FSharp/Pinicola.FSharp/Pinicola.FSharp.fsproj" />
  </Folder>
  <Project Path="GitAliases.Tests/GitAliases.Tests.fsproj" />
  <Project Path="GitAliases/GitAliases.fsproj" />
</Solution>
