<Solution>
  <Folder Name="/.build/">
    <File Path=".editorconfig" />
    <File Path=".gitignore" />
    <File Path="paket.dependencies" />
    <File Path="paket.lock" />
    <File Path="README.md" />
  </Folder>
  <Project Path="GitAliases.Tests/GitAliases.Tests.fsproj" />
  <Project Path="GitAliases/GitAliases.fsproj" />
</Solution>